
Microsoft Visual Studio Solution File, Format Version 12.00
# Visual Studio 15
VisualStudioVersion = 15.0.28307.421
MinimumVisualStudioVersion = 10.0.40219.1
Project("{FAE04EC0-301F-11D3-BF4B-00C04F79EFBC}") = "WebApiUnity", "WebApiUnity\WebApiUnity.csproj", "{4960EBA4-673A-4923-B596-C202F741E380}"
EndProject
Global
	GlobalSection(SolutionConfigurationPlatforms) = preSolution
		Debug|Any CPU = Debug|Any CPU
		Release|Any CPU = Release|Any CPU
	EndGlobalSection
	GlobalSection(ProjectConfigurationPlatforms) = postSolution
		{4960EBA4-673A-4923-B596-C202F741E380}.Debug|Any CPU.ActiveCfg = Debug|Any CPU
		{4960EBA4-673A-4923-B596-C202F741E380}.Debug|Any CPU.Build.0 = Debug|Any CPU
		{4960EBA4-673A-4923-B596-C202F741E380}.Release|Any CPU.ActiveCfg = Release|Any CPU
		{4960EBA4-673A-4923-B596-C202F741E380}.Release|Any CPU.Build.0 = Release|Any CPU
	EndGlobalSection
	GlobalSection(SolutionProperties) = preSolution
		HideSolutionNode = FALSE
	EndGlobalSection
	GlobalSection(ExtensibilityGlobals) = postSolution
		SolutionGuid = {95EC6E72-BF34-4CBA-A9CE-24B068485AB1}
	EndGlobalSection
EndGlobal
